
Microsoft Visual Studio Solution File, Format Version 12.00
# Visual Studio Version 17
VisualStudioVersion = 17.7.34009.444
MinimumVisualStudioVersion = 10.0.40219.1
Project("{FAE04EC0-301F-11D3-BF4B-00C04F79EFBC}") = "PRG4_M3_P1_052", "PRG4_M3_P1_052\PRG4_M3_P1_052.csproj", "{C76ED242-495B-4C58-AE64-D18D9C7630A7}"
EndProject
Global
	GlobalSection(SolutionConfigurationPlatforms) = preSolution
		Debug|Any CPU = Debug|Any CPU
		Release|Any CPU = Release|Any CPU
	EndGlobalSection
	GlobalSection(ProjectConfigurationPlatforms) = postSolution
		{C76ED242-495B-4C58-AE64-D18D9C7630A7}.Debug|Any CPU.ActiveCfg = Debug|Any CPU
		{C76ED242-495B-4C58-AE64-D18D9C7630A7}.Debug|Any CPU.Build.0 = Debug|Any CPU
		{C76ED242-495B-4C58-AE64-D18D9C7630A7}.Release|Any CPU.ActiveCfg = Release|Any CPU
		{C76ED242-495B-4C58-AE64-D18D9C7630A7}.Release|Any CPU.Build.0 = Release|Any CPU
	EndGlobalSection
	GlobalSection(SolutionProperties) = preSolution
		HideSolutionNode = FALSE
	EndGlobalSection
	GlobalSection(ExtensibilityGlobals) = postSolution
		SolutionGuid = {B09DC915-38E7-45D8-81B3-47B8FCF05199}
	EndGlobalSection
EndGlobal
